
Microsoft Visual Studio Solution File, Format Version 12.00
# Visual Studio Version 16
VisualStudioVersion = 16.0.30413.136
MinimumVisualStudioVersion = 10.0.40219.1
Project("{FAE04EC0-301F-11D3-BF4B-00C04F79EFBC}") = "Dashboard", "Dashboard\Dashboard.csproj", "{0CCE0495-91E6-4BDE-8542-A798A967ADA4}"
EndProject
Global
	GlobalSection(SolutionConfigurationPlatforms) = preSolution
		Debug|Any CPU = Debug|Any CPU
		Release|Any CPU = Release|Any CPU
	EndGlobalSection
	GlobalSection(ProjectConfigurationPlatforms) = postSolution
		{0CCE0495-91E6-4BDE-8542-A798A967ADA4}.Debug|Any CPU.ActiveCfg = Debug|Any CPU
		{0CCE0495-91E6-4BDE-8542-A798A967ADA4}.Debug|Any CPU.Build.0 = Debug|Any CPU
		{0CCE0495-91E6-4BDE-8542-A798A967ADA4}.Release|Any CPU.ActiveCfg = Release|Any CPU
		{0CCE0495-91E6-4BDE-8542-A798A967ADA4}.Release|Any CPU.Build.0 = Release|Any CPU
	EndGlobalSection
	GlobalSection(SolutionProperties) = preSolution
		HideSolutionNode = FALSE
	EndGlobalSection
	GlobalSection(ExtensibilityGlobals) = postSolution
		SolutionGuid = {5F4694D5-A34F-4ABE-A2E7-721AF6954E58}
	EndGlobalSection
EndGlobal
